// !$*UTF8*$!
{
	archiveVersion = 1;
	classes = {
	};
	objectVersion = 56;
	objects = {

/* Begin PBXBuildFile section */
		D14158642B5B25E800A5DDB9 /* Avocado_recipesApp.swift in Sources */ = {isa = PBXBuildFile; fileRef = D14158632B5B25E800A5DDB9 /* Avocado_recipesApp.swift */; };
		D14158662B5B25E800A5DDB9 /* ContentView.swift in Sources */ = {isa = PBXBuildFile; fileRef = D14158652B5B25E800A5DDB9 /* ContentView.swift */; };
		D14158682B5B25EA00A5DDB9 /* Assets.xcassets in Resources */ = {isa = PBXBuildFile; fileRef = D14158672B5B25EA00A5DDB9 /* Assets.xcassets */; };
		D141586B2B5B25EA00A5DDB9 /* Preview Assets.xcassets in Resources */ = {isa = PBXBuildFile; fileRef = D141586A2B5B25EA00A5DDB9 /* Preview Assets.xcassets */; };
		D144475B2B5C762100B25714 /* Launch Screen.storyboard in Resources */ = {isa = PBXBuildFile; fileRef = D144475A2B5C762100B25714 /* Launch Screen.storyboard */; };
		D15A2C7C2B5DD97300A0527C /* AvocadosView.swift in Sources */ = {isa = PBXBuildFile; fileRef = D15A2C7B2B5DD97300A0527C /* AvocadosView.swift */; };
		D15A2C7E2B5DD9AC00A0527C /* RipeningStageView.swift in Sources */ = {isa = PBXBuildFile; fileRef = D15A2C7D2B5DD9AC00A0527C /* RipeningStageView.swift */; };
		D15A2C802B5DD9E500A0527C /* SettingsView.swift in Sources */ = {isa = PBXBuildFile; fileRef = D15A2C7F2B5DD9E500A0527C /* SettingsView.swift */; };
		D15A2C822B5DDA0A00A0527C /* AppView.swift in Sources */ = {isa = PBXBuildFile; fileRef = D15A2C812B5DDA0A00A0527C /* AppView.swift */; };
/* End PBXBuildFile section */

/* Begin PBXFileReference section */
		D14158602B5B25E800A5DDB9 /* Avocado_recipes.app */ = {isa = PBXFileReference; explicitFileType = wrapper.application; includeInIndex = 0; path = Avocado_recipes.app; sourceTree = BUILT_PRODUCTS_DIR; };
		D14158632B5B25E800A5DDB9 /* Avocado_recipesApp.swift */ = {isa = PBXFileReference; lastKnownFileType = sourcecode.swift; path = Avocado_recipesApp.swift; sourceTree = "<group>"; };
		D14158652B5B25E800A5DDB9 /* ContentView.swift */ = {isa = PBXFileReference; lastKnownFileType = sourcecode.swift; path = ContentView.swift; sourceTree = "<group>"; };
		D14158672B5B25EA00A5DDB9 /* Assets.xcassets */ = {isa = PBXFileReference; lastKnownFileType = folder.assetcatalog; path = Assets.xcassets; sourceTree = "<group>"; };
		D141586A2B5B25EA00A5DDB9 /* Preview Assets.xcassets */ = {isa = PBXFileReference; lastKnownFileType = folder.assetcatalog; path = "Preview Assets.xcassets"; sourceTree = "<group>"; };
		D144475A2B5C762100B25714 /* Launch Screen.storyboard */ = {isa = PBXFileReference; lastKnownFileType = file.storyboard; path = "Launch Screen.storyboard"; sourceTree = "<group>"; };
		D15A2C7B2B5DD97300A0527C /* AvocadosView.swift */ = {isa = PBXFileReference; lastKnownFileType = sourcecode.swift; path = AvocadosView.swift; sourceTree = "<group>"; };
		D15A2C7D2B5DD9AC00A0527C /* RipeningStageView.swift */ = {isa = PBXFileReference; lastKnownFileType = sourcecode.swift; path = RipeningStageView.swift; sourceTree = "<group>"; };
		D15A2C7F2B5DD9E500A0527C /* SettingsView.swift */ = {isa = PBXFileReference; lastKnownFileType = sourcecode.swift; path = SettingsView.swift; sourceTree = "<group>"; };
		D15A2C812B5DDA0A00A0527C /* AppView.swift */ = {isa = PBXFileReference; lastKnownFileType = sourcecode.swift; path = AppView.swift; sourceTree = "<group>"; };
/* End PBXFileReference section */

/* Begin PBXFrameworksBuildPhase section */
		D141585D2B5B25E800A5DDB9 /* Frameworks */ = {
			isa = PBXFrameworksBuildPhase;
			buildActionMask = 2147483647;
			files = (
			);
			runOnlyForDeploymentPostprocessing = 0;
		};
/* End PBXFrameworksBuildPhase section */

/* Begin PBXGroup section */
		D14158572B5B25E800A5DDB9 = {
			isa = PBXGroup;
			children = (
				D14158622B5B25E800A5DDB9 /* Avocado_recipes */,
				D14158612B5B25E800A5DDB9 /* Products */,
			);
			sourceTree = "<group>";
		};
		D14158612B5B25E800A5DDB9 /* Products */ = {
			isa = PBXGroup;
			children = (
				D14158602B5B25E800A5DDB9 /* Avocado_recipes.app */,
			);
			name = Products;
			sourceTree = "<group>";
		};
		D14158622B5B25E800A5DDB9 /* Avocado_recipes */ = {
			isa = PBXGroup;
			children = (
				D15A2C7A2B5DD8F400A0527C /* View */,
				D15A2C792B5DD8DA00A0527C /* Model */,
				D15A2C782B5DD8AB00A0527C /* Data */,
				D14158632B5B25E800A5DDB9 /* Avocado_recipesApp.swift */,
				D144475A2B5C762100B25714 /* Launch Screen.storyboard */,
				D14158672B5B25EA00A5DDB9 /* Assets.xcassets */,
				D14158692B5B25EA00A5DDB9 /* Preview Content */,
			);
			path = Avocado_recipes;
			sourceTree = "<group>";
		};
		D14158692B5B25EA00A5DDB9 /* Preview Content */ = {
			isa = PBXGroup;
			children = (
				D141586A2B5B25EA00A5DDB9 /* Preview Assets.xcassets */,
			);
			path = "Preview Content";
			sourceTree = "<group>";
		};
		D15A2C782B5DD8AB00A0527C /* Data */ = {
			isa = PBXGroup;
			children = (
			);
			path = Data;
			sourceTree = "<group>";
		};
		D15A2C792B5DD8DA00A0527C /* Model */ = {
			isa = PBXGroup;
			children = (
			);
			path = Model;
			sourceTree = "<group>";
		};
		D15A2C7A2B5DD8F400A0527C /* View */ = {
			isa = PBXGroup;
			children = (
				D14158652B5B25E800A5DDB9 /* ContentView.swift */,
				D15A2C7B2B5DD97300A0527C /* AvocadosView.swift */,
				D15A2C7D2B5DD9AC00A0527C /* RipeningStageView.swift */,
				D15A2C7F2B5DD9E500A0527C /* SettingsView.swift */,
				D15A2C812B5DDA0A00A0527C /* AppView.swift */,
			);
			path = View;
			sourceTree = "<group>";
		};
/* End PBXGroup section */

/* Begin PBXNativeTarget section */
		D141585F2B5B25E800A5DDB9 /* Avocado_recipes */ = {
			isa = PBXNativeTarget;
			buildConfigurationList = D141586E2B5B25EA00A5DDB9 /* Build configuration list for PBXNativeTarget "Avocado_recipes" */;
			buildPhases = (
				D141585C2B5B25E800A5DDB9 /* Sources */,
				D141585D2B5B25E800A5DDB9 /* Frameworks */,
				D141585E2B5B25E800A5DDB9 /* Resources */,
			);
			buildRules = (
			);
			dependencies = (
			);
			name = Avocado_recipes;
			productName = Avocado_recipes;
			productReference = D14158602B5B25E800A5DDB9 /* Avocado_recipes.app */;
			productType = "com.apple.product-type.application";
		};
/* End PBXNativeTarget section */

/* Begin PBXProject section */
		D14158582B5B25E800A5DDB9 /* Project object */ = {
			isa = PBXProject;
			attributes = {
				BuildIndependentTargetsInParallel = 1;
				LastSwiftUpdateCheck = 1500;
				LastUpgradeCheck = 1500;
				TargetAttributes = {
					D141585F2B5B25E800A5DDB9 = {
						CreatedOnToolsVersion = 15.0.1;
					};
				};
			};
			buildConfigurationList = D141585B2B5B25E800A5DDB9 /* Build configuration list for PBXProject "Avocado_recipes" */;
			compatibilityVersion = "Xcode 14.0";
			developmentRegion = en;
			hasScannedForEncodings = 0;
			knownRegions = (
				en,
				Base,
			);
			mainGroup = D14158572B5B25E800A5DDB9;
			productRefGroup = D14158612B5B25E800A5DDB9 /* Products */;
			projectDirPath = "";
			projectRoot = "";
			targets = (
				D141585F2B5B25E800A5DDB9 /* Avocado_recipes */,
			);
		};
/* End PBXProject section */

/* Begin PBXResourcesBuildPhase section */
		D141585E2B5B25E800A5DDB9 /* Resources */ = {
			isa = PBXResourcesBuildPhase;
			buildActionMask = 2147483647;
			files = (
				D144475B2B5C762100B25714 /* Launch Screen.storyboard in Resources */,
				D141586B2B5B25EA00A5DDB9 /* Preview Assets.xcassets in Resources */,
				D14158682B5B25EA00A5DDB9 /* Assets.xcassets in Resources */,
			);
			runOnlyForDeploymentPostprocessing = 0;
		};
/* End PBXResourcesBuildPhase section */

/* Begin PBXSourcesBuildPhase section */
		D141585C2B5B25E800A5DDB9 /* Sources */ = {
			isa = PBXSourcesBuildPhase;
			buildActionMask = 2147483647;
			files = (
				D15A2C802B5DD9E500A0527C /* SettingsView.swift in Sources */,
				D14158662B5B25E800A5DDB9 /* ContentView.swift in Sources */,
				D15A2C822B5DDA0A00A0527C /* AppView.swift in Sources */,
				D15A2C7E2B5DD9AC00A0527C /* RipeningStageView.swift in Sources */,
				D14158642B5B25E800A5DDB9 /* Avocado_recipesApp.swift in Sources */,
				D15A2C7C2B5DD97300A0527C /* AvocadosView.swift in Sources */,
			);
			runOnlyForDeploymentPostprocessing = 0;
		};
/* End PBXSourcesBuildPhase section */

/* Begin XCBuildConfiguration section */
		D141586C2B5B25EA00A5DDB9 /* Debug */ = {
			isa = XCBuildConfiguration;
			buildSettings = {
				ALWAYS_SEARCH_USER_PATHS = NO;
				ASSETCATALOG_COMPILER_GENERATE_SWIFT_ASSET_SYMBOL_EXTENSIONS = YES;
				CLANG_ANALYZER_NONNULL = YES;
				CLANG_ANALYZER_NUMBER_OBJECT_CONVERSION = YES_AGGRESSIVE;
				CLANG_CXX_LANGUAGE_STANDARD = "gnu++20";
				CLANG_ENABLE_MODULES = YES;
				CLANG_ENABLE_OBJC_ARC = YES;
				CLANG_ENABLE_OBJC_WEAK = YES;
				CLANG_WARN_BLOCK_CAPTURE_AUTORELEASING = YES;
				CLANG_WARN_BOOL_CONVERSION = YES;
				CLANG_WARN_COMMA = YES;
				CLANG_WARN_CONSTANT_CONVERSION = YES;
				CLANG_WARN_DEPRECATED_OBJC_IMPLEMENTATIONS = YES;
				CLANG_WARN_DIRECT_OBJC_ISA_USAGE = YES_ERROR;
				CLANG_WARN_DOCUMENTATION_COMMENTS = YES;
				CLANG_WARN_EMPTY_BODY = YES;
				CLANG_WARN_ENUM_CONVERSION = YES;
				CLANG_WARN_INFINITE_RECURSION = YES;
				CLANG_WARN_INT_CONVERSION = YES;
				CLANG_WARN_NON_LITERAL_NULL_CONVERSION = YES;
				CLANG_WARN_OBJC_IMPLICIT_RETAIN_SELF = YES;
				CLANG_WARN_OBJC_LITERAL_CONVERSION = YES;
				CLANG_WARN_OBJC_ROOT_CLASS = YES_ERROR;
				CLANG_WARN_QUOTED_INCLUDE_IN_FRAMEWORK_HEADER = YES;
				CLANG_WARN_RANGE_LOOP_ANALYSIS = YES;
				CLANG_WARN_STRICT_PROTOTYPES = YES;
				CLANG_WARN_SUSPICIOUS_MOVE = YES;
				CLANG_WARN_UNGUARDED_AVAILABILITY = YES_AGGRESSIVE;
				CLANG_WARN_UNREACHABLE_CODE = YES;
				CLANG_WARN__DUPLICATE_METHOD_MATCH = YES;
				COPY_PHASE_STRIP = NO;
				DEBUG_INFORMATION_FORMAT = dwarf;
				ENABLE_STRICT_OBJC_MSGSEND = YES;
				ENABLE_TESTABILITY = YES;
				ENABLE_USER_SCRIPT_SANDBOXING = YES;
				GCC_C_LANGUAGE_STANDARD = gnu17;
				GCC_DYNAMIC_NO_PIC = NO;
				GCC_NO_COMMON_BLOCKS = YES;
				GCC_OPTIMIZATION_LEVEL = 0;
				GCC_PREPROCESSOR_DEFINITIONS = (
					"DEBUG=1",
					"$(inherited)",
				);
				GCC_WARN_64_TO_32_BIT_CONVERSION = YES;
				GCC_WARN_ABOUT_RETURN_TYPE = YES_ERROR;
				GCC_WARN_UNDECLARED_SELECTOR = YES;
				GCC_WARN_UNINITIALIZED_AUTOS = YES_AGGRESSIVE;
				GCC_WARN_UNUSED_FUNCTION = YES;
				GCC_WARN_UNUSED_VARIABLE = YES;
				IPHONEOS_DEPLOYMENT_TARGET = 17.0;
				LOCALIZATION_PREFERS_STRING_CATALOGS = YES;
				MTL_ENABLE_DEBUG_INFO = INCLUDE_SOURCE;
				MTL_FAST_MATH = YES;
				ONLY_ACTIVE_ARCH = YES;
				SDKROOT = iphoneos;
				SWIFT_ACTIVE_COMPILATION_CONDITIONS = "DEBUG $(inherited)";
				SWIFT_OPTIMIZATION_LEVEL = "-Onone";
			};
			name = Debug;
		};
		D141586D2B5B25EA00A5DDB9 /* Release */ = {
			isa = XCBuildConfiguration;
			buildSettings = {
				ALWAYS_SEARCH_USER_PATHS = NO;
				ASSETCATALOG_COMPILER_GENERATE_SWIFT_ASSET_SYMBOL_EXTENSIONS = YES;
				CLANG_ANALYZER_NONNULL = YES;
				CLANG_ANALYZER_NUMBER_OBJECT_CONVERSION = YES_AGGRESSIVE;
				CLANG_CXX_LANGUAGE_STANDARD = "gnu++20";
				CLANG_ENABLE_MODULES = YES;
				CLANG_ENABLE_OBJC_ARC = YES;
				CLANG_ENABLE_OBJC_WEAK = YES;
				CLANG_WARN_BLOCK_CAPTURE_AUTORELEASING = YES;
				CLANG_WARN_BOOL_CONVERSION = YES;
				CLANG_WARN_COMMA = YES;
				CLANG_WARN_CONSTANT_CONVERSION = YES;
				CLANG_WARN_DEPRECATED_OBJC_IMPLEMENTATIONS = YES;
				CLANG_WARN_DIRECT_OBJC_ISA_USAGE = YES_ERROR;
				CLANG_WARN_DOCUMENTATION_COMMENTS = YES;
				CLANG_WARN_EMPTY_BODY = YES;
				CLANG_WARN_ENUM_CONVERSION = YES;
				CLANG_WARN_INFINITE_RECURSION = YES;
				CLANG_WARN_INT_CONVERSION = YES;
				CLANG_WARN_NON_LITERAL_NULL_CONVERSION = YES;
				CLANG_WARN_OBJC_IMPLICIT_RETAIN_SELF = YES;
				CLANG_WARN_OBJC_LITERAL_CONVERSION = YES;
				CLANG_WARN_OBJC_ROOT_CLASS = YES_ERROR;
				CLANG_WARN_QUOTED_INCLUDE_IN_FRAMEWORK_HEADER = YES;
				CLANG_WARN_RANGE_LOOP_ANALYSIS = YES;
				CLANG_WARN_STRICT_PROTOTYPES = YES;
				CLANG_WARN_SUSPICIOUS_MOVE = YES;
				CLANG_WARN_UNGUARDED_AVAILABILITY = YES_AGGRESSIVE;
				CLANG_WARN_UNREACHABLE_CODE = YES;
				CLANG_WARN__DUPLICATE_METHOD_MATCH = YES;
				COPY_PHASE_STRIP = NO;
				DEBUG_INFORMATION_FORMAT = "dwarf-with-dsym";
				ENABLE_NS_ASSERTIONS = NO;
				ENABLE_STRICT_OBJC_MSGSEND = YES;
				ENABLE_USER_SCRIPT_SANDBOXING = YES;
				GCC_C_LANGUAGE_STANDARD = gnu17;
				GCC_NO_COMMON_BLOCKS = YES;
				GCC_WARN_64_TO_32_BIT_CONVERSION = YES;
				GCC_WARN_ABOUT_RETURN_TYPE = YES_ERROR;
				GCC_WARN_UNDECLARED_SELECTOR = YES;
				GCC_WARN_UNINITIALIZED_AUTOS = YES_AGGRESSIVE;
				GCC_WARN_UNUSED_FUNCTION = YES;
				GCC_WARN_UNUSED_VARIABLE = YES;
				IPHONEOS_DEPLOYMENT_TARGET = 17.0;
				LOCALIZATION_PREFERS_STRING_CATALOGS = YES;
				MTL_ENABLE_DEBUG_INFO = NO;
				MTL_FAST_MATH = YES;
				SDKROOT = iphoneos;
				SWIFT_COMPILATION_MODE = wholemodule;
				VALIDATE_PRODUCT = YES;
			};
			name = Release;
		};
		D141586F2B5B25EA00A5DDB9 /* Debug */ = {
			isa = XCBuildConfiguration;
			buildSettings = {
				ASSETCATALOG_COMPILER_APPICON_NAME = AppIcon;
				ASSETCATALOG_COMPILER_GLOBAL_ACCENT_COLOR_NAME = AccentColor;
				ASSETCATALOG_COMPILER_INCLUDE_ALL_APPICON_ASSETS = YES;
				CODE_SIGN_STYLE = Automatic;
				CURRENT_PROJECT_VERSION = 1;
				DEVELOPMENT_ASSET_PATHS = "\"Avocado_recipes/Preview Content\"";
				DEVELOPMENT_TEAM = 5TJPWC3QB8;
				ENABLE_PREVIEWS = YES;
				GENERATE_INFOPLIST_FILE = YES;
				INFOPLIST_KEY_UIApplicationSceneManifest_Generation = YES;
				INFOPLIST_KEY_UIApplicationSupportsIndirectInputEvents = YES;
				INFOPLIST_KEY_UILaunchScreen_Generation = YES;
				INFOPLIST_KEY_UILaunchStoryboardName = "Launch Screen.storyboard";
				INFOPLIST_KEY_UISupportedInterfaceOrientations = "UIInterfaceOrientationLandscapeRight UIInterfaceOrientationPortrait";
				INFOPLIST_KEY_UISupportedInterfaceOrientations_iPad = UIInterfaceOrientationPortrait;
				IPHONEOS_DEPLOYMENT_TARGET = 16.0;
				LD_RUNPATH_SEARCH_PATHS = (
					"$(inherited)",
					"@executable_path/Frameworks",
				);
				MARKETING_VERSION = 1.0;
				PRODUCT_BUNDLE_IDENTIFIER = "Angelov.Dimitar.Avocado-recipes";
				PRODUCT_NAME = "$(TARGET_NAME)";
				SWIFT_EMIT_LOC_STRINGS = YES;
				SWIFT_VERSION = 5.0;
				TARGETED_DEVICE_FAMILY = "1,2";
			};
			name = Debug;
		};
		D14158702B5B25EA00A5DDB9 /* Release */ = {
			isa = XCBuildConfiguration;
			buildSettings = {
				ASSETCATALOG_COMPILER_APPICON_NAME = AppIcon;
				ASSETCATALOG_COMPILER_GLOBAL_ACCENT_COLOR_NAME = AccentColor;
				ASSETCATALOG_COMPILER_INCLUDE_ALL_APPICON_ASSETS = YES;
				CODE_SIGN_STYLE = Automatic;
				CURRENT_PROJECT_VERSION = 1;
				DEVELOPMENT_ASSET_PATHS = "\"Avocado_recipes/Preview Content\"";
				DEVELOPMENT_TEAM = 5TJPWC3QB8;
				ENABLE_PREVIEWS = YES;
				GENERATE_INFOPLIST_FILE = YES;
				INFOPLIST_KEY_UIApplicationSceneManifest_Generation = YES;
				INFOPLIST_KEY_UIApplicationSupportsIndirectInputEvents = YES;
				INFOPLIST_KEY_UILaunchScreen_Generation = YES;
				INFOPLIST_KEY_UILaunchStoryboardName = "Launch Screen.storyboard";
				INFOPLIST_KEY_UISupportedInterfaceOrientations = "UIInterfaceOrientationLandscapeRight UIInterfaceOrientationPortrait";
				INFOPLIST_KEY_UISupportedInterfaceOrientations_iPad = UIInterfaceOrientationPortrait;
				IPHONEOS_DEPLOYMENT_TARGET = 16.0;
				LD_RUNPATH_SEARCH_PATHS = (
					"$(inherited)",
					"@executable_path/Frameworks",
				);
				MARKETING_VERSION = 1.0;
				PRODUCT_BUNDLE_IDENTIFIER = "Angelov.Dimitar.Avocado-recipes";
				PRODUCT_NAME = "$(TARGET_NAME)";
				SWIFT_EMIT_LOC_STRINGS = YES;
				SWIFT_VERSION = 5.0;
				TARGETED_DEVICE_FAMILY = "1,2";
			};
			name = Release;
		};
/* End XCBuildConfiguration section */

/* Begin XCConfigurationList section */
		D141585B2B5B25E800A5DDB9 /* Build configuration list for PBXProject "Avocado_recipes" */ = {
			isa = XCConfigurationList;
			buildConfigurations = (
				D141586C2B5B25EA00A5DDB9 /* Debug */,
				D141586D2B5B25EA00A5DDB9 /* Release */,
			);
			defaultConfigurationIsVisible = 0;
			defaultConfigurationName = Release;
		};
		D141586E2B5B25EA00A5DDB9 /* Build configuration list for PBXNativeTarget "Avocado_recipes" */ = {
			isa = XCConfigurationList;
			buildConfigurations = (
				D141586F2B5B25EA00A5DDB9 /* Debug */,
				D14158702B5B25EA00A5DDB9 /* Release */,
			);
			defaultConfigurationIsVisible = 0;
			defaultConfigurationName = Release;
		};
/* End XCConfigurationList section */
	};
	rootObject = D14158582B5B25E800A5DDB9 /* Project object */;
}
